
Microsoft Visual Studio Solution File, Format Version 12.00
# Visual Studio Version 16
VisualStudioVersion = 16.0.29920.165
MinimumVisualStudioVersion = 10.0.40219.1
Project("{FAE04EC0-301F-11D3-BF4B-00C04F79EFBC}") = "Program TA", "Program TA\Program TA.csproj", "{EECDBE08-0812-4075-8D8C-CCB070C8761D}"
EndProject
Global
	GlobalSection(SolutionConfigurationPlatforms) = preSolution
		Debug|Any CPU = Debug|Any CPU
		Release|Any CPU = Release|Any CPU
	EndGlobalSection
	GlobalSection(ProjectConfigurationPlatforms) = postSolution
		{EECDBE08-0812-4075-8D8C-CCB070C8761D}.Debug|Any CPU.ActiveCfg = Debug|Any CPU
		{EECDBE08-0812-4075-8D8C-CCB070C8761D}.Debug|Any CPU.Build.0 = Debug|Any CPU
		{EECDBE08-0812-4075-8D8C-CCB070C8761D}.Release|Any CPU.ActiveCfg = Release|Any CPU
		{EECDBE08-0812-4075-8D8C-CCB070C8761D}.Release|Any CPU.Build.0 = Release|Any CPU
	EndGlobalSection
	GlobalSection(SolutionProperties) = preSolution
		HideSolutionNode = FALSE
	EndGlobalSection
	GlobalSection(ExtensibilityGlobals) = postSolution
		SolutionGuid = {EBEF32F9-12A0-4514-9695-9FC43F90E182}
	EndGlobalSection
EndGlobal
